{
  "name": "devportal",
  "version": "1.0.0",
  "lockfileVersion": 1,
  "requires": true,
  "dependencies": {
    "@esbuild-plugins/node-globals-polyfill": {
      "version": "0.1.1",
      "resolved": "https://registry.npmjs.org/@esbuild-plugins/node-globals-polyfill/-/node-globals-polyfill-0.1.1.tgz",
      "integrity": "sha512-MR0oAA+mlnJWrt1RQVQ+4VYuRJW/P2YmRTv1AsplObyvuBMnPHiizUF95HHYiSsMGLhyGtWufaq2XQg6+iurBg=="
    },
    "@esbuild-plugins/node-modules-polyfill": {
      "version": "0.1.4",
      "resolved": "https://registry.npmjs.org/@esbuild-plugins/node-modules-polyfill/-/node-modules-polyfill-0.1.4.tgz",
      "integrity": "sha512-uZbcXi0zbmKC/050p3gJnne5Qdzw8vkXIv+c2BW0Lsc1ji1SkrxbKPUy5Efr0blbTu1SL8w4eyfpnSdPg3G0Qg==",
      "requires": {
        "escape-string-regexp": "^4.0.0",
        "rollup-plugin-node-polyfills": "^0.2.1"
      }
    },
    "@iarna/toml": {
      "version": "2.2.5",
      "resolved": "https://registry.npmjs.org/@iarna/toml/-/toml-2.2.5.tgz",
      "integrity": "sha512-trnsAYxU3xnS1gPHPyU961coFyLkh4gAD/0zQ5mymY4yOZ+CYvsPqUbOFSw0aDM4y0tV7tiFxL/1XfXPNC6IPg=="
    },
    "@miniflare/cache": {
      "version": "2.5.0",
      "resolved": "https://registry.npmjs.org/@miniflare/cache/-/cache-2.5.0.tgz",
      "integrity": "sha512-tJuDbWwzYsk4pJvPPJzdlfdGFqNnn1IN3JVrGDCq8UwOXm0K8hFiSwq2nMjjT+Z/9X2FfimgaXOx81zjPL+FjQ==",
      "requires": {
        "@miniflare/core": "2.5.0",
        "@miniflare/shared": "2.5.0",
        "http-cache-semantics": "^4.1.0",
        "undici": "5.3.0"
      }
    },
    "@miniflare/cli-parser": {
      "version": "2.5.0",
      "resolved": "https://registry.npmjs.org/@miniflare/cli-parser/-/cli-parser-2.5.0.tgz",
      "integrity": "sha512-aY/wQ4Rwy8x0Awtb8TzhKFYp4g1Y8xBhtKFfHOZpYCEFCVfKtgdk0pHPKctf/ClK0qJdT3siJKeXxsH2GRAMXg==",
      "requires": {
        "@miniflare/shared": "2.5.0",
        "kleur": "^4.1.4"
      }
    },
    "@miniflare/core": {
      "version": "2.5.0",
      "resolved": "https://registry.npmjs.org/@miniflare/core/-/core-2.5.0.tgz",
      "integrity": "sha512-BtMRi17DiimcpmDjQiIU6mIYSo/h21lVGC082n5G3JTF7AcGFAs7N2Fz2YLiYuc3zYc6qJx/NIjDoOqL2gfp3A==",
      "requires": {
        "@iarna/toml": "^2.2.5",
        "@miniflare/shared": "2.5.0",
        "@miniflare/watcher": "2.5.0",
        "busboy": "^1.6.0",
        "dotenv": "^10.0.0",
        "kleur": "^4.1.4",
        "set-cookie-parser": "^2.4.8",
        "undici": "5.3.0",
        "urlpattern-polyfill": "^4.0.3"
      }
    },
    "@miniflare/durable-objects": {
      "version": "2.5.0",
      "resolved": "https://registry.npmjs.org/@miniflare/durable-objects/-/durable-objects-2.5.0.tgz",
      "integrity": "sha512-HJuP5Lsm/CCaSx3dePZiywAniGqTpU1ocCEqV6kE4zX1C0uGplfjPPXo5xsVc2NXkD+0ZL65rJzcj2tfrwKZlg==",
      "requires": {
        "@miniflare/core": "2.5.0",
        "@miniflare/shared": "2.5.0",
        "@miniflare/storage-memory": "2.5.0",
        "undici": "5.3.0"
      }
    },
    "@miniflare/html-rewriter": {
      "version": "2.5.0",
      "resolved": "https://registry.npmjs.org/@miniflare/html-rewriter/-/html-rewriter-2.5.0.tgz",
      "integrity": "sha512-bV2lQ/2clPeBmDth+cMnCBFYk8xtGs83S6PhfwmNNd24rzHvOEch1h/VCtEUy8k+rtgDSpc9pVkd31k0tMsyxQ==",
      "requires": {
        "@miniflare/core": "2.5.0",
        "@miniflare/shared": "2.5.0",
        "html-rewriter-wasm": "^0.4.1",
        "undici": "5.3.0"
      }
    },
    "@miniflare/http-server": {
      "version": "2.5.0",
      "resolved": "https://registry.npmjs.org/@miniflare/http-server/-/http-server-2.5.0.tgz",
      "integrity": "sha512-+sRPgNq0Q4Q6t1k94ncYzgcf/UNIv0Bz4ubUu6InJy4kMaJKeJPOLlU55lTXJSYfBZM/L4NvAui2i5vA9g2BrA==",
      "requires": {
        "@miniflare/core": "2.5.0",
        "@miniflare/shared": "2.5.0",
        "@miniflare/web-sockets": "2.5.0",
        "kleur": "^4.1.4",
        "selfsigned": "^2.0.0",
        "undici": "5.3.0",
        "ws": "^8.2.2",
        "youch": "^2.2.2"
      }
    },
    "@miniflare/kv": {
      "version": "2.5.0",
      "resolved": "https://registry.npmjs.org/@miniflare/kv/-/kv-2.5.0.tgz",
      "integrity": "sha512-5dzcUMMOKl8u75FXbpy2BHp38uafjzo3RW2HEm6EY8QoM/vHw6RChFzJ9YEPJDbvcHR8gdMpgC65LYPTjifc3g==",
      "requires": {
        "@miniflare/shared": "2.5.0"
      }
    },
    "@miniflare/runner-vm": {
      "version": "2.5.0",
      "resolved": "https://registry.npmjs.org/@miniflare/runner-vm/-/runner-vm-2.5.0.tgz",
      "integrity": "sha512-0n85cOBq91D7roqsIqJESDnj0oRi+xNVjDfd5uDIT1dW1qo5asA5Mwx6ntzCJB1BcB4khNatUIwpO3ZT+kT/YQ==",
      "requires": {
        "@miniflare/shared": "2.5.0"
      }
    },
    "@miniflare/scheduler": {
      "version": "2.5.0",
      "resolved": "https://registry.npmjs.org/@miniflare/scheduler/-/scheduler-2.5.0.tgz",
      "integrity": "sha512-+a/I2QLp3UaZpKVobzFH3eHsi5ubhBp8q/AH/sCDwcZmatbCp2+oDrjMgTqhF6Fm8ryR4BYkHQOgkGZ5l7gQjw==",
      "requires": {
        "@miniflare/core": "2.5.0",
        "@miniflare/shared": "2.5.0",
        "cron-schedule": "^3.0.4"
      }
    },
    "@miniflare/shared": {
      "version": "2.5.0",
      "resolved": "https://registry.npmjs.org/@miniflare/shared/-/shared-2.5.0.tgz",
      "integrity": "sha512-2oPxhnCGg8DNoo0NzUdc2BylGGeHQQvFJ6mDODjxbSXybeQC0+Ul5Ujv/FyU9W/eTbUEWNqKBycINyuXqSnJ/w==",
      "requires": {
        "ignore": "^5.1.8",
        "kleur": "^4.1.4"
      }
    },
    "@miniflare/sites": {
      "version": "2.5.0",
      "resolved": "https://registry.npmjs.org/@miniflare/sites/-/sites-2.5.0.tgz",
      "integrity": "sha512-AwYZb6ppP00YLkVNJnCe0lzJJemCDwibFjJywECY+aXFFNRo80sLpePPOXytplaUpen1uxnxUc8vdKBFVoB5cQ==",
      "requires": {
        "@miniflare/kv": "2.5.0",
        "@miniflare/shared": "2.5.0",
        "@miniflare/storage-file": "2.5.0"
      }
    },
    "@miniflare/storage-file": {
      "version": "2.5.0",
      "resolved": "https://registry.npmjs.org/@miniflare/storage-file/-/storage-file-2.5.0.tgz",
      "integrity": "sha512-ytwWZEIn3eMBnI2FdqvM5+mJVuI2aIBeZNjhZFuF5/AW3v1uslqY55Qd5Fnfn+2C7z6ivVaUv/TlEwot9ZDUnw==",
      "requires": {
        "@miniflare/shared": "2.5.0",
        "@miniflare/storage-memory": "2.5.0"
      }
    },
    "@miniflare/storage-memory": {
      "version": "2.5.0",
      "resolved": "https://registry.npmjs.org/@miniflare/storage-memory/-/storage-memory-2.5.0.tgz",
      "integrity": "sha512-cydVKLY0cZe2Sah0jV3s9MK3gmYLrQQcpCdMHMBEUz+nRfjfnuzs4WXzzUXCWwNT+WFC0V2WvDp2sMt+lVsmsA==",
      "requires": {
        "@miniflare/shared": "2.5.0"
      }
    },
    "@miniflare/watcher": {
      "version": "2.5.0",
      "resolved": "https://registry.npmjs.org/@miniflare/watcher/-/watcher-2.5.0.tgz",
      "integrity": "sha512-6ECE7po8NBxLmr2M00f7TWLEp1dMaAm3swf4D3ZU2xy3IqSBZE3QbOBuczYEYUIk7F+kXgaREISQg4e5QdECXQ==",
      "requires": {
        "@miniflare/shared": "2.5.0"
      }
    },
    "@miniflare/web-sockets": {
      "version": "2.5.0",
      "resolved": "https://registry.npmjs.org/@miniflare/web-sockets/-/web-sockets-2.5.0.tgz",
      "integrity": "sha512-nnLBtbHdmgGUNTxP0IeAz1B4UGCO/6W+4edzjogtz3JJumKQE+ink5+SIrmL0C1Pitrc2+kO2WYsQzWh3a2Amg==",
      "requires": {
        "@miniflare/core": "2.5.0",
        "@miniflare/shared": "2.5.0",
        "undici": "5.3.0",
        "ws": "^8.2.2"
      }
    },
    "@opensearch-project/opensearch": {
      "version": "1.0.2",
      "resolved": "https://registry.npmjs.org/@opensearch-project/opensearch/-/opensearch-1.0.2.tgz",
      "integrity": "sha512-gQ2CjbS7/pJ4A3IBWd+AD0KbCaAnE1Ur9baRxqM1NMH/7A8GQxwtVxx8raUOf4HZExkZZOUYBMzJgWM1OyELyw==",
      "requires": {
        "debug": "^4.3.1",
        "hpagent": "^0.1.1",
        "ms": "^2.1.3",
        "secure-json-parse": "^2.4.0"
      }
    },
    "@types/stack-trace": {
      "version": "0.0.29",
      "resolved": "https://registry.npmjs.org/@types/stack-trace/-/stack-trace-0.0.29.tgz",
      "integrity": "sha512-TgfOX+mGY/NyNxJLIbDWrO9DjGoVSW9+aB8H2yy1fy32jsvxijhmyJI9fDFgvz3YP4lvJaq9DzdR/M1bOgVc9g=="
    },
    "blake3-wasm": {
      "version": "2.1.5",
      "resolved": "https://registry.npmjs.org/blake3-wasm/-/blake3-wasm-2.1.5.tgz",
      "integrity": "sha512-F1+K8EbfOZE49dtoPtmxUQrpXaBIl3ICvasLh+nJta0xkz+9kF/7uet9fLnwKqhDrmj6g+6K3Tw9yQPUg2ka5g=="
    },
    "buffer-from": {
      "version": "1.1.2",
      "resolved": "https://registry.npmjs.org/buffer-from/-/buffer-from-1.1.2.tgz",
      "integrity": "sha512-E+XQCRwSbaaiChtv6k6Dwgc+bx+Bs6vuKJHHl5kox/BaKbhiXzqQOwK4cO22yElGp2OCmjwVhT3HmxgyPGnJfQ=="
    },
    "buffer-writer": {
      "version": "2.0.0",
      "resolved": "https://registry.npmjs.org/buffer-writer/-/buffer-writer-2.0.0.tgz",
      "integrity": "sha512-a7ZpuTZU1TRtnwyCNW3I5dc0wWNC3VR9S++Ewyk2HHZdrO3CQJqSpd+95Us590V6AL7JqUAH2IwZ/398PmNFgw=="
    },
    "busboy": {
      "version": "1.6.0",
      "resolved": "https://registry.npmjs.org/busboy/-/busboy-1.6.0.tgz",
      "integrity": "sha512-8SFQbg/0hQ9xy3UNTB0YEnsNBbWfhf7RtnzpL7TkBiTBRfrQ9Fxcnz7VJsleJpyp6rVLvXiuORqjlHi5q+PYuA==",
      "requires": {
        "streamsearch": "^1.1.0"
      }
    },
    "cookie": {
      "version": "0.4.2",
      "resolved": "https://registry.npmjs.org/cookie/-/cookie-0.4.2.tgz",
      "integrity": "sha512-aSWTXFzaKWkvHO1Ny/s+ePFpvKsPnjc551iI41v3ny/ow6tBG5Vd+FuqGNhh1LxOmVzOlGUriIlOaokOvhaStA=="
    },
    "cron-schedule": {
      "version": "3.0.6",
      "resolved": "https://registry.npmjs.org/cron-schedule/-/cron-schedule-3.0.6.tgz",
      "integrity": "sha512-izfGgKyzzIyLaeb1EtZ3KbglkS6AKp9cv7LxmiyoOu+fXfol1tQDC0Cof0enVZGNtudTHW+3lfuW9ZkLQss4Wg=="
    },
    "debug": {
      "version": "4.3.4",
      "resolved": "https://registry.npmjs.org/debug/-/debug-4.3.4.tgz",
      "integrity": "sha512-PRWFHuSU3eDtQJPvnNY7Jcket1j0t5OuOsFzPPzsekD52Zl8qUfFIPEiswXqIvHWGVHOgX+7G/vCNNhehwxfkQ==",
      "requires": {
        "ms": "2.1.2"
      },
      "dependencies": {
        "ms": {
          "version": "2.1.2",
          "resolved": "https://registry.npmjs.org/ms/-/ms-2.1.2.tgz",
          "integrity": "sha512-sGkPx+VjMtmA6MX27oA4FBFELFCZZ4S4XqeGOXCv68tT+jb3vk/RyaKWP0PTKyWtmLSM0b+adUTEvbs1PEaH2w=="
        }
      }
    },
    "dotenv": {
      "version": "10.0.0",
      "resolved": "https://registry.npmjs.org/dotenv/-/dotenv-10.0.0.tgz",
      "integrity": "sha512-rlBi9d8jpv9Sf1klPjNfFAuWDjKLwTIJJ/VxtoTwIR6hnZxcEOQCZg2oIL3MWBYw5GpUDKOEnND7LXTbIpQ03Q=="
    },
    "esbuild": {
      "version": "0.14.34",
      "resolved": "https://registry.npmjs.org/esbuild/-/esbuild-0.14.34.tgz",
      "integrity": "sha512-QIWdPT/gFF6hCaf4m7kP0cJ+JIuFkdHibI7vVFvu3eJS1HpVmYHWDulyN5WXwbRA0SX/7ZDaJ/1DH8SdY9xOJg==",
      "requires": {
        "esbuild-android-64": "0.14.34",
        "esbuild-android-arm64": "0.14.34",
        "esbuild-darwin-64": "0.14.34",
        "esbuild-darwin-arm64": "0.14.34",
        "esbuild-freebsd-64": "0.14.34",
        "esbuild-freebsd-arm64": "0.14.34",
        "esbuild-linux-32": "0.14.34",
        "esbuild-linux-64": "0.14.34",
        "esbuild-linux-arm": "0.14.34",
        "esbuild-linux-arm64": "0.14.34",
        "esbuild-linux-mips64le": "0.14.34",
        "esbuild-linux-ppc64le": "0.14.34",
        "esbuild-linux-riscv64": "0.14.34",
        "esbuild-linux-s390x": "0.14.34",
        "esbuild-netbsd-64": "0.14.34",
        "esbuild-openbsd-64": "0.14.34",
        "esbuild-sunos-64": "0.14.34",
        "esbuild-windows-32": "0.14.34",
        "esbuild-windows-64": "0.14.34",
        "esbuild-windows-arm64": "0.14.34"
      }
    },
    "esbuild-android-64": {
      "version": "0.14.34",
      "resolved": "https://registry.npmjs.org/esbuild-android-64/-/esbuild-android-64-0.14.34.tgz",
      "integrity": "sha512-XfxcfJqmMYsT/LXqrptzFxmaR3GWzXHDLdFNIhm6S00zPaQF1TBBWm+9t0RZ6LRR7iwH57DPjaOeW20vMqI4Yw==",
      "optional": true
    },
    "esbuild-android-arm64": {
      "version": "0.14.34",
      "resolved": "https://registry.npmjs.org/esbuild-android-arm64/-/esbuild-android-arm64-0.14.34.tgz",
      "integrity": "sha512-T02+NXTmSRL1Mc6puz+R9CB54rSPICkXKq6+tw8B6vxZFnCPzbJxgwIX4kcluz9p8nYBjF3+lSilTGWb7+Xgew==",
      "optional": true
    },
    "esbuild-darwin-64": {
      "version": "0.14.34",
      "resolved": "https://registry.npmjs.org/esbuild-darwin-64/-/esbuild-darwin-64-0.14.34.tgz",
      "integrity": "sha512-pLRip2Bh4Ng7Bf6AMgCrSp3pPe/qZyf11h5Qo2mOfJqLWzSVjxrXW+CFRJfrOVP7TCnh/gmZSM2AFdCPB72vtw==",
      "optional": true
    },
    "esbuild-darwin-arm64": {
      "version": "0.14.34",
      "resolved": "https://registry.npmjs.org/esbuild-darwin-arm64/-/esbuild-darwin-arm64-0.14.34.tgz",
      "integrity": "sha512-vpidSJEBxx6lf1NWgXC+DCmGqesJuZ5Y8aQVVsaoO4i8tRXbXb0whChRvop/zd3nfNM4dIl5EXAky0knRX5I6w==",
      "optional": true
    },
    "esbuild-freebsd-64": {
      "version": "0.14.34",
      "resolved": "https://registry.npmjs.org/esbuild-freebsd-64/-/esbuild-freebsd-64-0.14.34.tgz",
      "integrity": "sha512-m0HBjePhe0hAQJgtMRMNV9kMgIyV4/qSnzPx42kRMQBcPhgjAq1JRu4Il26czC+9FgpMbFkUktb07f/Lwnc6CA==",
      "optional": true
    },
    "esbuild-freebsd-arm64": {
      "version": "0.14.34",
      "resolved": "https://registry.npmjs.org/esbuild-freebsd-arm64/-/esbuild-freebsd-arm64-0.14.34.tgz",
      "integrity": "sha512-cpRc2B94L1KvMPPYB4D6G39jLqpKlD3noAMY4/e86iXXXkhUYJJEtTuyNFTa9JRpWM0xCAp4mxjHjoIiLuoCLA==",
      "optional": true
    },
    "esbuild-linux-32": {
      "version": "0.14.34",
      "resolved": "https://registry.npmjs.org/esbuild-linux-32/-/esbuild-linux-32-0.14.34.tgz",
      "integrity": "sha512-8nQaEaoW7MH/K/RlozJa+lE1ejHIr8fuPIHhc513UebRav7HtXgQvxHQ6VZRUkWtep23M6dd7UqhwO1tMOfzQQ==",
      "optional": true
    },
    "esbuild-linux-64": {
      "version": "0.14.34",
      "resolved": "https://registry.npmjs.org/esbuild-linux-64/-/esbuild-linux-64-0.14.34.tgz",
      "integrity": "sha512-Y3of4qQoLLlAgf042MlrY1P+7PnN9zWj8nVtw9XQG5hcLOZLz7IKpU35oeu7n4wvyaZHwvQqDJ93gRLqdJekcQ==",
      "optional": true
    },
    "esbuild-linux-arm": {
      "version": "0.14.34",
      "resolved": "https://registry.npmjs.org/esbuild-linux-arm/-/esbuild-linux-arm-0.14.34.tgz",
      "integrity": "sha512-9lpq1NcJqssAF7alCO6zL3gvBVVt/lKw4oetUM7OgNnRX0OWpB+ZIO9FwCrSj/dMdmgDhPLf+119zB8QxSMmAg==",
      "optional": true
    },
    "esbuild-linux-arm64": {
      "version": "0.14.34",
      "resolved": "https://registry.npmjs.org/esbuild-linux-arm64/-/esbuild-linux-arm64-0.14.34.tgz",
      "integrity": "sha512-IlWaGtj9ir7+Nrume1DGcyzBDlK8GcnJq0ANKwcI9pVw8tqr+6GD0eqyF9SF1mR8UmAp+odrx1H5NdR2cHdFHA==",
      "optional": true
    },
    "esbuild-linux-mips64le": {
      "version": "0.14.34",
      "resolved": "https://registry.npmjs.org/esbuild-linux-mips64le/-/esbuild-linux-mips64le-0.14.34.tgz",
      "integrity": "sha512-k3or+01Rska1AjUyNjA4buEwB51eyN/xPQAoOx1CjzAQC3l8rpjUDw55kXyL63O/1MUi4ISvtNtl8gLwdyEcxw==",
      "optional": true
    },
    "esbuild-linux-ppc64le": {
      "version": "0.14.34",
      "resolved": "https://registry.npmjs.org/esbuild-linux-ppc64le/-/esbuild-linux-ppc64le-0.14.34.tgz",
      "integrity": "sha512-+qxb8M9FfM2CJaVU7GgYpJOHM1ngQOx+/VrtBjb4C8oVqaPcESCeg2anjl+HRZy8VpYc71q/iBYausPPbJ+Keg==",
      "optional": true
    },
    "esbuild-linux-riscv64": {
      "version": "0.14.34",
      "resolved": "https://registry.npmjs.org/esbuild-linux-riscv64/-/esbuild-linux-riscv64-0.14.34.tgz",
      "integrity": "sha512-Y717ltBdQ5j5sZIHdy1DV9kieo0wMip0dCmVSTceowCPYSn1Cg33Kd6981+F/3b9FDMzNWldZFOBRILViENZSA==",
      "optional": true
    },
    "esbuild-linux-s390x": {
      "version": "0.14.34",
      "resolved": "https://registry.npmjs.org/esbuild-linux-s390x/-/esbuild-linux-s390x-0.14.34.tgz",
      "integrity": "sha512-bDDgYO4LhL4+zPs+WcBkXph+AQoPcQRTv18FzZS0WhjfH8TZx2QqlVPGhmhZ6WidrY+jKthUqO6UhGyIb4MpmA==",
      "optional": true
    },
    "esbuild-netbsd-64": {
      "version": "0.14.34",
      "resolved": "https://registry.npmjs.org/esbuild-netbsd-64/-/esbuild-netbsd-64-0.14.34.tgz",
      "integrity": "sha512-cfaFGXdRt0+vHsjNPyF0POM4BVSHPSbhLPe8mppDc7GDDxjIl08mV1Zou14oDWMp/XZMjYN1kWYRSfftiD0vvQ==",
      "optional": true
    },
    "esbuild-openbsd-64": {
      "version": "0.14.34",
      "resolved": "https://registry.npmjs.org/esbuild-openbsd-64/-/esbuild-openbsd-64-0.14.34.tgz",
      "integrity": "sha512-vmy9DxXVnRiI14s8GKuYBtess+EVcDALkbpTqd5jw4XITutIzyB7n4x0Tj5utAkKsgZJB22lLWGekr0ABnSLow==",
      "optional": true
    },
    "esbuild-sunos-64": {
      "version": "0.14.34",
      "resolved": "https://registry.npmjs.org/esbuild-sunos-64/-/esbuild-sunos-64-0.14.34.tgz",
      "integrity": "sha512-eNPVatNET1F7tRMhii7goL/eptfxc0ALRjrj9SPFNqp0zmxrehBFD6BaP3R4LjMn6DbMO0jOAnTLFKr8NqcJAA==",
      "optional": true
    },
    "esbuild-windows-32": {
      "version": "0.14.34",
      "resolved": "https://registry.npmjs.org/esbuild-windows-32/-/esbuild-windows-32-0.14.34.tgz",
      "integrity": "sha512-EFhpXyHEcnqWYe2rAHFd8dRw8wkrd9U+9oqcyoEL84GbanAYjiiIjBZsnR8kl0sCQ5w6bLpk7vCEIA2VS32Vcg==",
      "optional": true
    },
    "esbuild-windows-64": {
      "version": "0.14.34",
      "resolved": "https://registry.npmjs.org/esbuild-windows-64/-/esbuild-windows-64-0.14.34.tgz",
      "integrity": "sha512-a8fbl8Ky7PxNEjf1aJmtxdDZj32/hC7S1OcA2ckEpCJRTjiKslI9vAdPpSjrKIWhws4Galpaawy0nB7fjHYf5Q==",
      "optional": true
    },
    "esbuild-windows-arm64": {
      "version": "0.14.34",
      "resolved": "https://registry.npmjs.org/esbuild-windows-arm64/-/esbuild-windows-arm64-0.14.34.tgz",
      "integrity": "sha512-EYvmKbSa2B3sPnpC28UEu9jBK5atGV4BaVRE7CYGUci2Hlz4AvtV/LML+TcDMT6gBgibnN2gcltWclab3UutMg==",
      "optional": true
    },
    "escape-string-regexp": {
      "version": "4.0.0",
      "resolved": "https://registry.npmjs.org/escape-string-regexp/-/escape-string-regexp-4.0.0.tgz",
      "integrity": "sha512-TtpcNJ3XAzx3Gq8sWRzJaVajRs0uVxA2YAkdb1jm2YkPz4G6egUFAyA3n5vtEIZefPk5Wa4UXbKuS5fKkJWdgA=="
    },
    "estree-walker": {
      "version": "0.6.1",
      "resolved": "https://registry.npmjs.org/estree-walker/-/estree-walker-0.6.1.tgz",
      "integrity": "sha512-SqmZANLWS0mnatqbSfRP5g8OXZC12Fgg1IwNtLsyHDzJizORW4khDfjPqJZsemPWBB2uqykUah5YpQ6epsqC/w=="
    },
    "fsevents": {
      "version": "2.3.2",
      "resolved": "https://registry.npmjs.org/fsevents/-/fsevents-2.3.2.tgz",
      "integrity": "sha512-xiqMQR4xAeHTuB9uWm+fFRcIOgKBMiOBP+eXiyT7jsgVCq1bkVygt00oASowB7EdtpOHaaPgKt812P9ab+DDKA==",
      "optional": true
    },
    "hpagent": {
      "version": "0.1.2",
      "resolved": "https://registry.npmjs.org/hpagent/-/hpagent-0.1.2.tgz",
      "integrity": "sha512-ePqFXHtSQWAFXYmj+JtOTHr84iNrII4/QRlAAPPE+zqnKy4xJo7Ie1Y4kC7AdB+LxLxSTTzBMASsEcy0q8YyvQ=="
    },
    "html-rewriter-wasm": {
      "version": "0.4.1",
      "resolved": "https://registry.npmjs.org/html-rewriter-wasm/-/html-rewriter-wasm-0.4.1.tgz",
      "integrity": "sha512-lNovG8CMCCmcVB1Q7xggMSf7tqPCijZXaH4gL6iE8BFghdQCbaY5Met9i1x2Ex8m/cZHDUtXK9H6/znKamRP8Q=="
    },
    "http-cache-semantics": {
      "version": "4.1.0",
      "resolved": "https://registry.npmjs.org/http-cache-semantics/-/http-cache-semantics-4.1.0.tgz",
      "integrity": "sha512-carPklcUh7ROWRK7Cv27RPtdhYhUsela/ue5/jKzjegVvXDqM2ILE9Q2BGn9JZJh1g87cp56su/FgQSzcWS8cQ=="
    },
    "ignore": {
      "version": "5.2.0",
      "resolved": "https://registry.npmjs.org/ignore/-/ignore-5.2.0.tgz",
      "integrity": "sha512-CmxgYGiEPCLhfLnpPp1MoRmifwEIOgjcHXxOBjv7mY96c+eWScsOP9c112ZyLdWHi0FxHjI+4uVhKYp/gcdRmQ=="
    },
    "kleur": {
      "version": "4.1.4",
      "resolved": "https://registry.npmjs.org/kleur/-/kleur-4.1.4.tgz",
      "integrity": "sha512-8QADVssbrFjivHWQU7KkMgptGTl6WAcSdlbBPY4uNF+mWr6DGcKrvY2w4FQJoXch7+fKMjj0dRrL75vk3k23OA=="
    },
    "magic-string": {
      "version": "0.25.9",
      "resolved": "https://registry.npmjs.org/magic-string/-/magic-string-0.25.9.tgz",
      "integrity": "sha512-RmF0AsMzgt25qzqqLc1+MbHmhdx0ojF2Fvs4XnOqz2ZOBXzzkEwc/dJQZCYHAn7v1jbVOjAZfK8msRn4BxO4VQ==",
      "requires": {
        "sourcemap-codec": "^1.4.8"
      }
    },
    "miniflare": {
      "version": "2.5.0",
      "resolved": "https://registry.npmjs.org/miniflare/-/miniflare-2.5.0.tgz",
      "integrity": "sha512-3IR+n/kLBA7zQ20HDjnA0HufQlr197krD8jPsaYO5wTrkIUCTvrilbI0sCo0X9CP/I3BCIl8fiZc1Jf7+MX7jQ==",
      "requires": {
        "@miniflare/cache": "2.5.0",
        "@miniflare/cli-parser": "2.5.0",
        "@miniflare/core": "2.5.0",
        "@miniflare/durable-objects": "2.5.0",
        "@miniflare/html-rewriter": "2.5.0",
        "@miniflare/http-server": "2.5.0",
        "@miniflare/kv": "2.5.0",
        "@miniflare/runner-vm": "2.5.0",
        "@miniflare/scheduler": "2.5.0",
        "@miniflare/shared": "2.5.0",
        "@miniflare/sites": "2.5.0",
        "@miniflare/storage-file": "2.5.0",
        "@miniflare/storage-memory": "2.5.0",
        "@miniflare/web-sockets": "2.5.0",
        "kleur": "^4.1.4",
        "semiver": "^1.1.0",
        "source-map-support": "^0.5.20",
        "undici": "5.3.0"
      }
    },
    "ms": {
      "version": "2.1.3",
      "resolved": "https://registry.npmjs.org/ms/-/ms-2.1.3.tgz",
      "integrity": "sha512-6FlzubTLZG3J2a/NVCAleEhjzq5oxgHyaCU9yYXvcLsvoVaHJq/s5xXI6/XXP6tz7R9xAOtHnSO/tXtF3WRTlA=="
    },
    "mustache": {
      "version": "4.2.0",
      "resolved": "https://registry.npmjs.org/mustache/-/mustache-4.2.0.tgz",
      "integrity": "sha512-71ippSywq5Yb7/tVYyGbkBggbU8H3u5Rz56fH60jGFgr8uHwxs+aSKeqmluIVzM0m0kB7xQjKS6qPfd0b2ZoqQ=="
    },
    "nanoid": {
      "version": "3.3.4",
      "resolved": "https://registry.npmjs.org/nanoid/-/nanoid-3.3.4.tgz",
      "integrity": "sha512-MqBkQh/OHTS2egovRtLk45wEyNXwF+cokD+1YPf9u5VfJiRdAiRwB2froX5Co9Rh20xs4siNPm8naNotSD6RBw=="
    },
    "node-forge": {
      "version": "1.3.1",
      "resolved": "https://registry.npmjs.org/node-forge/-/node-forge-1.3.1.tgz",
      "integrity": "sha512-dPEtOeMvF9VMcYV/1Wb8CPoVAXtp6MKMlcbAt4ddqmGqUJ6fQZFXkNZNkNlfevtNkGtaSoXf/vNNNSvgrdXwtA=="
    },
    "packet-reader": {
      "version": "1.0.0",
      "resolved": "https://registry.npmjs.org/packet-reader/-/packet-reader-1.0.0.tgz",
      "integrity": "sha512-HAKu/fG3HpHFO0AA8WE8q2g+gBJaZ9MG7fcKk+IJPLTGAD6Psw4443l+9DGRbOIh3/aXr7Phy0TjilYivJo5XQ=="
    },
    "path-to-regexp": {
      "version": "6.2.1",
      "resolved": "https://registry.npmjs.org/path-to-regexp/-/path-to-regexp-6.2.1.tgz",
      "integrity": "sha512-JLyh7xT1kizaEvcaXOQwOc2/Yhw6KZOvPf1S8401UyLk86CU79LN3vl7ztXGm/pZ+YjoyAJ4rxmHwbkBXJX+yw=="
    },
    "pg": {
      "version": "8.7.3",
      "resolved": "https://registry.npmjs.org/pg/-/pg-8.7.3.tgz",
      "integrity": "sha512-HPmH4GH4H3AOprDJOazoIcpI49XFsHCe8xlrjHkWiapdbHK+HLtbm/GQzXYAZwmPju/kzKhjaSfMACG+8cgJcw==",
      "requires": {
        "buffer-writer": "2.0.0",
        "packet-reader": "1.0.0",
        "pg-connection-string": "^2.5.0",
        "pg-pool": "^3.5.1",
        "pg-protocol": "^1.5.0",
        "pg-types": "^2.1.0",
        "pgpass": "1.x"
      }
    },
    "pg-connection-string": {
      "version": "2.5.0",
      "resolved": "https://registry.npmjs.org/pg-connection-string/-/pg-connection-string-2.5.0.tgz",
      "integrity": "sha512-r5o/V/ORTA6TmUnyWZR9nCj1klXCO2CEKNRlVuJptZe85QuhFayC7WeMic7ndayT5IRIR0S0xFxFi2ousartlQ=="
    },
    "pg-int8": {
      "version": "1.0.1",
      "resolved": "https://registry.npmjs.org/pg-int8/-/pg-int8-1.0.1.tgz",
      "integrity": "sha512-WCtabS6t3c8SkpDBUlb1kjOs7l66xsGdKpIPZsg4wR+B3+u9UAum2odSsF9tnvxg80h4ZxLWMy4pRjOsFIqQpw=="
    },
    "pg-pool": {
      "version": "3.5.1",
      "resolved": "https://registry.npmjs.org/pg-pool/-/pg-pool-3.5.1.tgz",
      "integrity": "sha512-6iCR0wVrro6OOHFsyavV+i6KYL4lVNyYAB9RD18w66xSzN+d8b66HiwuP30Gp1SH5O9T82fckkzsRjlrhD0ioQ=="
    },
    "pg-protocol": {
      "version": "1.5.0",
      "resolved": "https://registry.npmjs.org/pg-protocol/-/pg-protocol-1.5.0.tgz",
      "integrity": "sha512-muRttij7H8TqRNu/DxrAJQITO4Ac7RmX3Klyr/9mJEOBeIpgnF8f9jAfRz5d3XwQZl5qBjF9gLsUtMPJE0vezQ=="
    },
    "pg-types": {
      "version": "2.2.0",
      "resolved": "https://registry.npmjs.org/pg-types/-/pg-types-2.2.0.tgz",
      "integrity": "sha512-qTAAlrEsl8s4OiEQY69wDvcMIdQN6wdz5ojQiOy6YRMuynxenON0O5oCpJI6lshc6scgAY8qvJ2On/p+CXY0GA==",
      "requires": {
        "pg-int8": "1.0.1",
        "postgres-array": "~2.0.0",
        "postgres-bytea": "~1.0.0",
        "postgres-date": "~1.0.4",
        "postgres-interval": "^1.1.0"
      }
    },
    "pgpass": {
      "version": "1.0.5",
      "resolved": "https://registry.npmjs.org/pgpass/-/pgpass-1.0.5.tgz",
      "integrity": "sha512-FdW9r/jQZhSeohs1Z3sI1yxFQNFvMcnmfuj4WBMUTxOrAyLMaTcE1aAMBiTlbMNaXvBCQuVi0R7hd8udDSP7ug==",
      "requires": {
        "split2": "^4.1.0"
      }
    },
    "postgres-array": {
      "version": "2.0.0",
      "resolved": "https://registry.npmjs.org/postgres-array/-/postgres-array-2.0.0.tgz",
      "integrity": "sha512-VpZrUqU5A69eQyW2c5CA1jtLecCsN2U/bD6VilrFDWq5+5UIEVO7nazS3TEcHf1zuPYO/sqGvUvW62g86RXZuA=="
    },
    "postgres-bytea": {
      "version": "1.0.0",
      "resolved": "https://registry.npmjs.org/postgres-bytea/-/postgres-bytea-1.0.0.tgz",
      "integrity": "sha1-AntTPAqokOJtFy1Hz5zOzFIazTU="
    },
    "postgres-date": {
      "version": "1.0.7",
      "resolved": "https://registry.npmjs.org/postgres-date/-/postgres-date-1.0.7.tgz",
      "integrity": "sha512-suDmjLVQg78nMK2UZ454hAG+OAW+HQPZ6n++TNDUX+L0+uUlLywnoxJKDou51Zm+zTCjrCl0Nq6J9C5hP9vK/Q=="
    },
    "postgres-interval": {
      "version": "1.2.0",
      "resolved": "https://registry.npmjs.org/postgres-interval/-/postgres-interval-1.2.0.tgz",
      "integrity": "sha512-9ZhXKM/rw350N1ovuWHbGxnGh/SNJ4cnxHiM0rxE4VN41wsg8P8zWn9hv/buK00RP4WvlOyr/RBDiptyxVbkZQ==",
      "requires": {
        "xtend": "^4.0.0"
      }
    },
    "rollup-plugin-inject": {
      "version": "3.0.2",
      "resolved": "https://registry.npmjs.org/rollup-plugin-inject/-/rollup-plugin-inject-3.0.2.tgz",
      "integrity": "sha512-ptg9PQwzs3orn4jkgXJ74bfs5vYz1NCZlSQMBUA0wKcGp5i5pA1AO3fOUEte8enhGUC+iapTCzEWw2jEFFUO/w==",
      "requires": {
        "estree-walker": "^0.6.1",
        "magic-string": "^0.25.3",
        "rollup-pluginutils": "^2.8.1"
      }
    },
    "rollup-plugin-node-polyfills": {
      "version": "0.2.1",
      "resolved": "https://registry.npmjs.org/rollup-plugin-node-polyfills/-/rollup-plugin-node-polyfills-0.2.1.tgz",
      "integrity": "sha512-4kCrKPTJ6sK4/gLL/U5QzVT8cxJcofO0OU74tnB19F40cmuAKSzH5/siithxlofFEjwvw1YAhPmbvGNA6jEroA==",
      "requires": {
        "rollup-plugin-inject": "^3.0.0"
      }
    },
    "rollup-pluginutils": {
      "version": "2.8.2",
      "resolved": "https://registry.npmjs.org/rollup-pluginutils/-/rollup-pluginutils-2.8.2.tgz",
      "integrity": "sha512-EEp9NhnUkwY8aif6bxgovPHMoMoNr2FulJziTndpt5H9RdwC47GSGuII9XxpSdzVGM0GWrNPHV6ie1LTNJPaLQ==",
      "requires": {
        "estree-walker": "^0.6.1"
      }
    },
    "secure-json-parse": {
      "version": "2.4.0",
      "resolved": "https://registry.npmjs.org/secure-json-parse/-/secure-json-parse-2.4.0.tgz",
      "integrity": "sha512-Q5Z/97nbON5t/L/sH6mY2EacfjVGwrCcSi5D3btRO2GZ8pf1K1UN7Z9H5J57hjVU2Qzxr1xO+FmBhOvEkzCMmg=="
    },
    "selfsigned": {
      "version": "2.0.1",
      "resolved": "https://registry.npmjs.org/selfsigned/-/selfsigned-2.0.1.tgz",
      "integrity": "sha512-LmME957M1zOsUhG+67rAjKfiWFox3SBxE/yymatMZsAx+oMrJ0YQ8AToOnyCm7xbeg2ep37IHLxdu0o2MavQOQ==",
      "requires": {
        "node-forge": "^1"
      }
    },
    "semiver": {
      "version": "1.1.0",
      "resolved": "https://registry.npmjs.org/semiver/-/semiver-1.1.0.tgz",
      "integrity": "sha512-QNI2ChmuioGC1/xjyYwyZYADILWyW6AmS1UH6gDj/SFUUUS4MBAWs/7mxnkRPc/F4iHezDP+O8t0dO8WHiEOdg=="
    },
    "set-cookie-parser": {
      "version": "2.5.0",
      "resolved": "https://registry.npmjs.org/set-cookie-parser/-/set-cookie-parser-2.5.0.tgz",
      "integrity": "sha512-cHMAtSXilfyBePduZEBVPTCftTQWz6ehWJD5YNUg4mqvRosrrjKbo4WS8JkB0/RxonMoohHm7cOGH60mDkRQ9w=="
    },
    "source-map": {
      "version": "0.6.1",
      "resolved": "https://registry.npmjs.org/source-map/-/source-map-0.6.1.tgz",
      "integrity": "sha512-UjgapumWlbMhkBgzT7Ykc5YXUT46F0iKu8SGXq0bcwP5dz/h0Plj6enJqjz1Zbq2l5WaqYnrVbwWOWMyF3F47g=="
    },
    "source-map-support": {
      "version": "0.5.21",
      "resolved": "https://registry.npmjs.org/source-map-support/-/source-map-support-0.5.21.tgz",
      "integrity": "sha512-uBHU3L3czsIyYXKX88fdrGovxdSCoTGDRZ6SYXtSRxLZUzHg5P/66Ht6uoUlHu9EZod+inXhKo3qQgwXUT/y1w==",
      "requires": {
        "buffer-from": "^1.0.0",
        "source-map": "^0.6.0"
      }
    },
    "sourcemap-codec": {
      "version": "1.4.8",
      "resolved": "https://registry.npmjs.org/sourcemap-codec/-/sourcemap-codec-1.4.8.tgz",
      "integrity": "sha512-9NykojV5Uih4lgo5So5dtw+f0JgJX30KCNI8gwhz2J9A15wD0Ml6tjHKwf6fTSa6fAdVBdZeNOs9eJ71qCk8vA=="
    },
    "split2": {
      "version": "4.1.0",
      "resolved": "https://registry.npmjs.org/split2/-/split2-4.1.0.tgz",
      "integrity": "sha512-VBiJxFkxiXRlUIeyMQi8s4hgvKCSjtknJv/LVYbrgALPwf5zSKmEwV9Lst25AkvMDnvxODugjdl6KZgwKM1WYQ=="
    },
    "stack-trace": {
      "version": "0.0.10",
      "resolved": "https://registry.npmjs.org/stack-trace/-/stack-trace-0.0.10.tgz",
      "integrity": "sha1-VHxws0fo0ytOEI6hoqFZ5f3eGcA="
    },
    "streamsearch": {
      "version": "1.1.0",
      "resolved": "https://registry.npmjs.org/streamsearch/-/streamsearch-1.1.0.tgz",
      "integrity": "sha512-Mcc5wHehp9aXz1ax6bZUyY5afg9u2rv5cqQI3mRrYkGC8rW2hM02jWuwjtL++LS5qinSyhj2QfLyNsuc+VsExg=="
    },
    "undici": {
      "version": "5.3.0",
      "resolved": "https://registry.npmjs.org/undici/-/undici-5.3.0.tgz",
      "integrity": "sha512-8LxC/xmR2GCE4q1heE1sJxVnnf5S6yQ2dObvMFBBWkB8aQlaqNuWovgRFWRMB7KUdLPGZfOTTmUeeLEJYX56iQ=="
    },
    "urlpattern-polyfill": {
      "version": "4.0.3",
      "resolved": "https://registry.npmjs.org/urlpattern-polyfill/-/urlpattern-polyfill-4.0.3.tgz",
      "integrity": "sha512-DOE84vZT2fEcl9gqCUTcnAw5ZY5Id55ikUcziSUntuEFL3pRvavg5kwDmTEUJkeCHInTlV/HexFomgYnzO5kdQ=="
    },
    "wrangler": {
      "version": "2.0.8",
      "resolved": "https://registry.npmjs.org/wrangler/-/wrangler-2.0.8.tgz",
      "integrity": "sha512-htum4L3ikiuATiU7YsmCnEF68PtTlov2LSymZPA2S/JNjiUhwcePnDRzT/ajOqiR5cd7kxf3u+0ykc/ZdD1rbg==",
      "requires": {
        "@esbuild-plugins/node-globals-polyfill": "^0.1.1",
        "@esbuild-plugins/node-modules-polyfill": "^0.1.4",
        "blake3-wasm": "^2.1.5",
        "esbuild": "0.14.34",
        "fsevents": "~2.3.2",
        "miniflare": "^2.5.0",
        "nanoid": "^3.3.3",
        "path-to-regexp": "^6.2.0",
        "selfsigned": "^2.0.1",
        "semiver": "^1.1.0",
        "xxhash-wasm": "^1.0.1"
      }
    },
    "ws": {
      "version": "8.7.0",
      "resolved": "https://registry.npmjs.org/ws/-/ws-8.7.0.tgz",
      "integrity": "sha512-c2gsP0PRwcLFzUiA8Mkr37/MI7ilIlHQxaEAtd0uNMbVMoy8puJyafRlm0bV9MbGSabUPeLrRRaqIBcFcA2Pqg=="
    },
    "xtend": {
      "version": "4.0.2",
      "resolved": "https://registry.npmjs.org/xtend/-/xtend-4.0.2.tgz",
      "integrity": "sha512-LKYU1iAXJXUgAXn9URjiu+MWhyUXHsvfp7mcuYm9dSUKK0/CjtrUwFAxD82/mCWbtLsGjFIad0wIsod4zrTAEQ=="
    },
    "xxhash-wasm": {
      "version": "1.0.1",
      "resolved": "https://registry.npmjs.org/xxhash-wasm/-/xxhash-wasm-1.0.1.tgz",
      "integrity": "sha512-Lc9CTvDrH2vRoiaUzz25q7lRaviMhz90pkx6YxR9EPYtF99yOJnv2cB+CQ0hp/TLoqrUsk8z/W2EN31T568Azw=="
    },
    "youch": {
      "version": "2.2.2",
      "resolved": "https://registry.npmjs.org/youch/-/youch-2.2.2.tgz",
      "integrity": "sha512-/FaCeG3GkuJwaMR34GHVg0l8jCbafZLHiFowSjqLlqhC6OMyf2tPJBu8UirF7/NI9X/R5ai4QfEKUCOxMAGxZQ==",
      "requires": {
        "@types/stack-trace": "0.0.29",
        "cookie": "^0.4.1",
        "mustache": "^4.2.0",
        "stack-trace": "0.0.10"
      }
    }
  }
}
